{
    "symfony/flex": {
        "version": "1.0",
        "recipe": {
            "repo": "github.com/symfony/recipes",
            "branch": "master",
            "version": "1.0",
            "ref": "e921bdbfe20cdefa3b82f379d1cd36df1bc8d115"
        }
    },
    "psr/log": {
        "version": "1.0.2"
    },
    "symfony/debug": {
        "version": "v3.3.12"
    },
    "symfony/polyfill-mbstring": {
        "version": "v1.6.0"
    },
    "symfony/console": {
        "version": "3.3",
        "recipe": {
            "repo": "github.com/symfony/recipes",
            "branch": "master",
            "version": "3.3",
            "ref": "e7bbddb8dd603b2c3770cb10f163e692b4b414aa"
        }
    },
    "symfony/stopwatch": {
        "version": "v3.3.12"
    },
    "symfony/routing": {
        "version": "3.3",
        "recipe": {
            "repo": "github.com/symfony/recipes",
            "branch": "master",
            "version": "3.3",
            "ref": "5b2f0ee78c90d671860ac6450e37dec10fbc0719"
        }
    },
    "symfony/http-foundation": {
        "version": "v3.3.12"
    },
    "symfony/event-dispatcher": {
        "version": "v3.3.12"
    },
    "symfony/http-kernel": {
        "version": "v3.3.12"
    },
    "symfony/finder": {
        "version": "v3.3.12"
    },
    "symfony/filesystem": {
        "version": "v3.3.12"
    },
    "psr/container": {
        "version": "1.0.0"
    },
    "symfony/dependency-injection": {
        "version": "v3.3.12"
    },
    "symfony/config": {
        "version": "v3.3.12"
    },
    "symfony/class-loader": {
        "version": "v3.3.12"
    },
    "symfony/polyfill-apcu": {
        "version": "v1.6.0"
    },
    "psr/simple-cache": {
        "version": "1.0.0"
    },
    "psr/cache": {
        "version": "1.0.1"
    },
    "symfony/cache": {
        "version": "v3.3.12"
    },
    "doctrine/cache": {
        "version": "v1.7.1"
    },
    "symfony/framework-bundle": {
        "version": "3.3",
        "recipe": {
            "repo": "github.com/symfony/recipes",
            "branch": "master",
            "version": "3.3",
            "ref": "4772f8752de95b89b4e1f966c6bd49b48366c068"
        }
    },
    "symfony/yaml": {
        "version": "v3.3.12"
    },
    "symfony/dotenv": {
        "version": "v3.3.12"
    },
    "symfony/templating": {
        "version": "3.4.x-dev"
    },
    "twig/twig": {
        "version": "2.x-dev"
    },
    "symfony/twig-bridge": {
        "version": "3.3.x-dev"
    },
    "symfony/twig-bundle": {
        "version": "3.3",
        "recipe": {
            "repo": "github.com/symfony/recipes",
            "branch": "master",
            "version": "3.3",
            "ref": "f75ac166398e107796ca94cc57fa1edaa06ec47f"
        }
    },
    "symfony/inflector": {
        "version": "4.0-dev"
    },
    "symfony/property-access": {
        "version": "4.0-dev"
    },
    "symfony/workflow": {
        "version": "3.3",
        "recipe": {
            "repo": "github.com/symfony/recipes",
            "branch": "master",
            "version": "3.3",
            "ref": "7c8798612bf94fbe4cb75056a4cd7ea3a9183698"
        }
    },
    "clue/graph": {
        "version": "v0.9.0"
    },
    "graphp/algorithms": {
        "version": "v0.8.1"
    },
    "beberlei/assert": {
        "version": "v2.7.11"
    },
    "tienvx/mbt-bundle": {
        "version": "1.0-dev"
    }
}
